github.com/ebitengine/purego v0.4.0 h1:RQVuMIxQPQ5iCGEJvjQ17YOK+1tMKjVau2FUMvXH4HE=
github.com/ebitengine/purego v0.4.0/go.mod h1:ah1In8AOtksoNK6yk5z1HTJeUkC1Ez4Wk2idgGslMwQ=
github.com/hajimehoshi/oto/v2 v2.4.1 h1:iTfZSulqdmQ5Hh4tVyVzNnK3aA4SgjbDapSM0YH3Lc4=
github.com/hajimehoshi/oto/v2 v2.4.1/go.mod h1:guyF8uIgSrchrKewS1E6Xyx7joUbKOi4g9W7vpcYBSc=
github.com/rthornton128/goncurses v0.0.0-20231014161942-82671379df88 h1:bNvZ7P4l4rvg1O3qNDRJ4FNgKASMoG+V7OIpu4SIkgA=
github.com/rthornton128/goncurses v0.0.0-20231014161942-82671379df88/go.mod h1:AHlKFomPTwmO7H2vL8d7VNrQNQmhMi/DBhDnHRhjbCo=
golang.org/x/sys v0.7.0 h1:3jlCCIQZPdOYu1h8BkNvLz8Kgwtae2cagcG/VamtZRU=
golang.org/x/sys v0.7.0/go.mod h1:oPkhp1MJrh7nUepCBck5+mAzfO9JrbApNNgaTdGDITg=
